
Microsoft Visual Studio Solution File, Format Version 12.00
# Visual Studio Version 17
VisualStudioVersion = 17.7.34031.279
MinimumVisualStudioVersion = 10.0.40219.1
Project("{8BC9CEB8-8B4A-11D0-8D11-00A0C91BC942}") = "2D_Game_Engine_Prototype", "2D_Game_Engine_Prototype.vcxproj", "{21C516AB-85AE-456E-94E9-274E9D790992}"
EndProject
Global
	GlobalSection(SolutionConfigurationPlatforms) = preSolution
		Debug|x64 = Debug|x64
		Debug|x86 = Debug|x86
		Release|x64 = Release|x64
		Release|x86 = Release|x86
	EndGlobalSection
	GlobalSection(ProjectConfigurationPlatforms) = postSolution
		{21C516AB-85AE-456E-94E9-274E9D790992}.Debug|x64.ActiveCfg = Debug|x64
		{21C516AB-85AE-456E-94E9-274E9D790992}.Debug|x64.Build.0 = Debug|x64
		{21C516AB-85AE-456E-94E9-274E9D790992}.Debug|x86.ActiveCfg = Debug|Win32
		{21C516AB-85AE-456E-94E9-274E9D790992}.Debug|x86.Build.0 = Debug|Win32
		{21C516AB-85AE-456E-94E9-274E9D790992}.Release|x64.ActiveCfg = Release|x64
		{21C516AB-85AE-456E-94E9-274E9D790992}.Release|x64.Build.0 = Release|x64
		{21C516AB-85AE-456E-94E9-274E9D790992}.Release|x86.ActiveCfg = Release|Win32
		{21C516AB-85AE-456E-94E9-274E9D790992}.Release|x86.Build.0 = Release|Win32
	EndGlobalSection
	GlobalSection(SolutionProperties) = preSolution
		HideSolutionNode = FALSE
	EndGlobalSection
	GlobalSection(ExtensibilityGlobals) = postSolution
		SolutionGuid = {607E440D-B685-4B71-9C8D-00ABC1137A37}
	EndGlobalSection
EndGlobal
